// !$*UTF8*$!
{
	archiveVersion = 1;
	classes = {
	};
	objectVersion = 56;
	objects = {

/* Begin PBXBuildFile section */
		929197422C4519D6006F7A70 /* PickView.swift in Sources */ = {isa = PBXBuildFile; fileRef = 929197412C4519D6006F7A70 /* PickView.swift */; };
		929197442C469EDF006F7A70 /* PickListView.swift in Sources */ = {isa = PBXBuildFile; fileRef = 929197432C469EDF006F7A70 /* PickListView.swift */; };
		929197462C46A2CC006F7A70 /* User.swift in Sources */ = {isa = PBXBuildFile; fileRef = 929197452C46A2CC006F7A70 /* User.swift */; };
		929197482C46A307006F7A70 /* Message.swift in Sources */ = {isa = PBXBuildFile; fileRef = 929197472C46A307006F7A70 /* Message.swift */; };
		9291974B2C46A4CF006F7A70 /* MessageScreen.swift in Sources */ = {isa = PBXBuildFile; fileRef = 9291974A2C46A4CF006F7A70 /* MessageScreen.swift */; };
		9291974E2C46A4E0006F7A70 /* MessageView.swift in Sources */ = {isa = PBXBuildFile; fileRef = 9291974D2C46A4E0006F7A70 /* MessageView.swift */; };
		92A40DC02C3BE98E00C28116 /* HomeScreen.swift in Sources */ = {isa = PBXBuildFile; fileRef = 92A40DBD2C3BE98E00C28116 /* HomeScreen.swift */; };
		92A40DC12C3BE98E00C28116 /* HomeViewModel.swift in Sources */ = {isa = PBXBuildFile; fileRef = 92A40DBE2C3BE98E00C28116 /* HomeViewModel.swift */; };
		92A40DC32C3BEAD000C28116 /* CardDetailView.swift in Sources */ = {isa = PBXBuildFile; fileRef = 92A40DC22C3BEAD000C28116 /* CardDetailView.swift */; };
		92C06B482C3AB9A300CEE4FC /* TanTanApp.swift in Sources */ = {isa = PBXBuildFile; fileRef = 92C06B472C3AB9A300CEE4FC /* TanTanApp.swift */; };
		92C06B4A2C3AB9A300CEE4FC /* ContentView.swift in Sources */ = {isa = PBXBuildFile; fileRef = 92C06B492C3AB9A300CEE4FC /* ContentView.swift */; };
		92C06B4C2C3AB9A400CEE4FC /* Assets.xcassets in Resources */ = {isa = PBXBuildFile; fileRef = 92C06B4B2C3AB9A400CEE4FC /* Assets.xcassets */; };
		92C06B4F2C3AB9A400CEE4FC /* Preview Assets.xcassets in Resources */ = {isa = PBXBuildFile; fileRef = 92C06B4E2C3AB9A400CEE4FC /* Preview Assets.xcassets */; };
		92C06B562C3ABC3600CEE4FC /* AppState.swift in Sources */ = {isa = PBXBuildFile; fileRef = 92C06B552C3ABC3600CEE4FC /* AppState.swift */; };
		92C06B582C3AC2EB00CEE4FC /* UserCard.swift in Sources */ = {isa = PBXBuildFile; fileRef = 92C06B572C3AC2EB00CEE4FC /* UserCard.swift */; };
		92C06B632C3AC72900CEE4FC /* UserCardView.swift in Sources */ = {isa = PBXBuildFile; fileRef = 92C06B622C3AC72900CEE4FC /* UserCardView.swift */; };
		92C06B652C3ADC3E00CEE4FC /* RoundButton.swift in Sources */ = {isa = PBXBuildFile; fileRef = 92C06B642C3ADC3E00CEE4FC /* RoundButton.swift */; };
		92C06B682C3BDDEE00CEE4FC /* View+Ext.swift in Sources */ = {isa = PBXBuildFile; fileRef = 92C06B672C3BDDEE00CEE4FC /* View+Ext.swift */; };
		92C06B6A2C3BE14D00CEE4FC /* CardContainerView.swift in Sources */ = {isa = PBXBuildFile; fileRef = 92C06B692C3BE14D00CEE4FC /* CardContainerView.swift */; };
		92C06B6C2C3BE78600CEE4FC /* NoResultView.swift in Sources */ = {isa = PBXBuildFile; fileRef = 92C06B6B2C3BE78600CEE4FC /* NoResultView.swift */; };
/* End PBXBuildFile section */

/* Begin PBXFileReference section */
		929197412C4519D6006F7A70 /* PickView.swift */ = {isa = PBXFileReference; lastKnownFileType = sourcecode.swift; path = PickView.swift; sourceTree = "<group>"; };
		929197432C469EDF006F7A70 /* PickListView.swift */ = {isa = PBXFileReference; lastKnownFileType = sourcecode.swift; path = PickListView.swift; sourceTree = "<group>"; };
		929197452C46A2CC006F7A70 /* User.swift */ = {isa = PBXFileReference; lastKnownFileType = sourcecode.swift; path = User.swift; sourceTree = "<group>"; };
		929197472C46A307006F7A70 /* Message.swift */ = {isa = PBXFileReference; lastKnownFileType = sourcecode.swift; path = Message.swift; sourceTree = "<group>"; };
		9291974A2C46A4CF006F7A70 /* MessageScreen.swift */ = {isa = PBXFileReference; lastKnownFileType = sourcecode.swift; path = MessageScreen.swift; sourceTree = "<group>"; };
		9291974D2C46A4E0006F7A70 /* MessageView.swift */ = {isa = PBXFileReference; lastKnownFileType = sourcecode.swift; path = MessageView.swift; sourceTree = "<group>"; };
		92A40DBD2C3BE98E00C28116 /* HomeScreen.swift */ = {isa = PBXFileReference; fileEncoding = 4; lastKnownFileType = sourcecode.swift; path = HomeScreen.swift; sourceTree = "<group>"; };
		92A40DBE2C3BE98E00C28116 /* HomeViewModel.swift */ = {isa = PBXFileReference; fileEncoding = 4; lastKnownFileType = sourcecode.swift; path = HomeViewModel.swift; sourceTree = "<group>"; };
		92A40DC22C3BEAD000C28116 /* CardDetailView.swift */ = {isa = PBXFileReference; lastKnownFileType = sourcecode.swift; path = CardDetailView.swift; sourceTree = "<group>"; };
		92C06B442C3AB9A300CEE4FC /* TanTan.app */ = {isa = PBXFileReference; explicitFileType = wrapper.application; includeInIndex = 0; path = TanTan.app; sourceTree = BUILT_PRODUCTS_DIR; };
		92C06B472C3AB9A300CEE4FC /* TanTanApp.swift */ = {isa = PBXFileReference; lastKnownFileType = sourcecode.swift; path = TanTanApp.swift; sourceTree = "<group>"; };
		92C06B492C3AB9A300CEE4FC /* ContentView.swift */ = {isa = PBXFileReference; lastKnownFileType = sourcecode.swift; path = ContentView.swift; sourceTree = "<group>"; };
		92C06B4B2C3AB9A400CEE4FC /* Assets.xcassets */ = {isa = PBXFileReference; lastKnownFileType = folder.assetcatalog; path = Assets.xcassets; sourceTree = "<group>"; };
		92C06B4E2C3AB9A400CEE4FC /* Preview Assets.xcassets */ = {isa = PBXFileReference; lastKnownFileType = folder.assetcatalog; path = "Preview Assets.xcassets"; sourceTree = "<group>"; };
		92C06B552C3ABC3600CEE4FC /* AppState.swift */ = {isa = PBXFileReference; lastKnownFileType = sourcecode.swift; path = AppState.swift; sourceTree = "<group>"; };
		92C06B572C3AC2EB00CEE4FC /* UserCard.swift */ = {isa = PBXFileReference; lastKnownFileType = sourcecode.swift; path = UserCard.swift; sourceTree = "<group>"; };
		92C06B622C3AC72900CEE4FC /* UserCardView.swift */ = {isa = PBXFileReference; lastKnownFileType = sourcecode.swift; path = UserCardView.swift; sourceTree = "<group>"; };
		92C06B642C3ADC3E00CEE4FC /* RoundButton.swift */ = {isa = PBXFileReference; lastKnownFileType = sourcecode.swift; path = RoundButton.swift; sourceTree = "<group>"; };
		92C06B672C3BDDEE00CEE4FC /* View+Ext.swift */ = {isa = PBXFileReference; lastKnownFileType = sourcecode.swift; path = "View+Ext.swift"; sourceTree = "<group>"; };
		92C06B692C3BE14D00CEE4FC /* CardContainerView.swift */ = {isa = PBXFileReference; lastKnownFileType = sourcecode.swift; path = CardContainerView.swift; sourceTree = "<group>"; };
		92C06B6B2C3BE78600CEE4FC /* NoResultView.swift */ = {isa = PBXFileReference; lastKnownFileType = sourcecode.swift; path = NoResultView.swift; sourceTree = "<group>"; };
/* End PBXFileReference section */

/* Begin PBXFrameworksBuildPhase section */
		92C06B412C3AB9A300CEE4FC /* Frameworks */ = {
			isa = PBXFrameworksBuildPhase;
			buildActionMask = 2147483647;
			files = (
			);
			runOnlyForDeploymentPostprocessing = 0;
		};
/* End PBXFrameworksBuildPhase section */

/* Begin PBXGroup section */
		929197492C46A4BF006F7A70 /* Message */ = {
			isa = PBXGroup;
			children = (
				9291974C2C46A4D2006F7A70 /* Component */,
				9291974A2C46A4CF006F7A70 /* MessageScreen.swift */,
			);
			path = Message;
			sourceTree = "<group>";
		};
		9291974C2C46A4D2006F7A70 /* Component */ = {
			isa = PBXGroup;
			children = (
				9291974D2C46A4E0006F7A70 /* MessageView.swift */,
			);
			path = Component;
			sourceTree = "<group>";
		};
		92A40DBF2C3BE98E00C28116 /* Home */ = {
			isa = PBXGroup;
			children = (
				92A40DBD2C3BE98E00C28116 /* HomeScreen.swift */,
				92A40DBE2C3BE98E00C28116 /* HomeViewModel.swift */,
			);
			path = Home;
			sourceTree = "<group>";
		};
		92C06B3B2C3AB9A300CEE4FC = {
			isa = PBXGroup;
			children = (
				92C06B462C3AB9A300CEE4FC /* TanTan */,
				92C06B452C3AB9A300CEE4FC /* Products */,
			);
			sourceTree = "<group>";
		};
		92C06B452C3AB9A300CEE4FC /* Products */ = {
			isa = PBXGroup;
			children = (
				92C06B442C3AB9A300CEE4FC /* TanTan.app */,
			);
			name = Products;
			sourceTree = "<group>";
		};
		92C06B462C3AB9A300CEE4FC /* TanTan */ = {
			isa = PBXGroup;
			children = (
				92C06B592C3AC54500CEE4FC /* Model */,
				92C06B662C3BDDD300CEE4FC /* Extension */,
				92C06B612C3AC72000CEE4FC /* Component */,
				92C06B6D2C3BE96F00CEE4FC /* Core */,
				92C06B5B2C3AC56900CEE4FC /* App */,
				92C06B472C3AB9A300CEE4FC /* TanTanApp.swift */,
				92C06B492C3AB9A300CEE4FC /* ContentView.swift */,
				92C06B4B2C3AB9A400CEE4FC /* Assets.xcassets */,
				92C06B4D2C3AB9A400CEE4FC /* Preview Content */,
			);
			path = TanTan;
			sourceTree = "<group>";
		};
		92C06B4D2C3AB9A400CEE4FC /* Preview Content */ = {
			isa = PBXGroup;
			children = (
				92C06B4E2C3AB9A400CEE4FC /* Preview Assets.xcassets */,
			);
			path = "Preview Content";
			sourceTree = "<group>";
		};
		92C06B592C3AC54500CEE4FC /* Model */ = {
			isa = PBXGroup;
			children = (
				92C06B572C3AC2EB00CEE4FC /* UserCard.swift */,
				929197452C46A2CC006F7A70 /* User.swift */,
				929197472C46A307006F7A70 /* Message.swift */,
			);
			path = Model;
			sourceTree = "<group>";
		};
		92C06B5B2C3AC56900CEE4FC /* App */ = {
			isa = PBXGroup;
			children = (
				92C06B552C3ABC3600CEE4FC /* AppState.swift */,
			);
			path = App;
			sourceTree = "<group>";
		};
		92C06B612C3AC72000CEE4FC /* Component */ = {
			isa = PBXGroup;
			children = (
				92C06B622C3AC72900CEE4FC /* UserCardView.swift */,
				92C06B642C3ADC3E00CEE4FC /* RoundButton.swift */,
				92C06B692C3BE14D00CEE4FC /* CardContainerView.swift */,
				92C06B6B2C3BE78600CEE4FC /* NoResultView.swift */,
				92A40DC22C3BEAD000C28116 /* CardDetailView.swift */,
				929197412C4519D6006F7A70 /* PickView.swift */,
				929197432C469EDF006F7A70 /* PickListView.swift */,
			);
			path = Component;
			sourceTree = "<group>";
		};
		92C06B662C3BDDD300CEE4FC /* Extension */ = {
			isa = PBXGroup;
			children = (
				92C06B672C3BDDEE00CEE4FC /* View+Ext.swift */,
			);
			path = Extension;
			sourceTree = "<group>";
		};
		92C06B6D2C3BE96F00CEE4FC /* Core */ = {
			isa = PBXGroup;
			children = (
				929197492C46A4BF006F7A70 /* Message */,
				92A40DBF2C3BE98E00C28116 /* Home */,
			);
			path = Core;
			sourceTree = "<group>";
		};
/* End PBXGroup section */

/* Begin PBXNativeTarget section */
		92C06B432C3AB9A300CEE4FC /* TanTan */ = {
			isa = PBXNativeTarget;
			buildConfigurationList = 92C06B522C3AB9A400CEE4FC /* Build configuration list for PBXNativeTarget "TanTan" */;
			buildPhases = (
				92C06B402C3AB9A300CEE4FC /* Sources */,
				92C06B412C3AB9A300CEE4FC /* Frameworks */,
				92C06B422C3AB9A300CEE4FC /* Resources */,
			);
			buildRules = (
			);
			dependencies = (
			);
			name = TanTan;
			productName = TanTan;
			productReference = 92C06B442C3AB9A300CEE4FC /* TanTan.app */;
			productType = "com.apple.product-type.application";
		};
/* End PBXNativeTarget section */

/* Begin PBXProject section */
		92C06B3C2C3AB9A300CEE4FC /* Project object */ = {
			isa = PBXProject;
			attributes = {
				BuildIndependentTargetsInParallel = 1;
				LastSwiftUpdateCheck = 1540;
				LastUpgradeCheck = 1540;
				TargetAttributes = {
					92C06B432C3AB9A300CEE4FC = {
						CreatedOnToolsVersion = 15.4;
					};
				};
			};
			buildConfigurationList = 92C06B3F2C3AB9A300CEE4FC /* Build configuration list for PBXProject "TanTan" */;
			compatibilityVersion = "Xcode 14.0";
			developmentRegion = en;
			hasScannedForEncodings = 0;
			knownRegions = (
				en,
				Base,
			);
			mainGroup = 92C06B3B2C3AB9A300CEE4FC;
			productRefGroup = 92C06B452C3AB9A300CEE4FC /* Products */;
			projectDirPath = "";
			projectRoot = "";
			targets = (
				92C06B432C3AB9A300CEE4FC /* TanTan */,
			);
		};
/* End PBXProject section */

/* Begin PBXResourcesBuildPhase section */
		92C06B422C3AB9A300CEE4FC /* Resources */ = {
			isa = PBXResourcesBuildPhase;
			buildActionMask = 2147483647;
			files = (
				92C06B4F2C3AB9A400CEE4FC /* Preview Assets.xcassets in Resources */,
				92C06B4C2C3AB9A400CEE4FC /* Assets.xcassets in Resources */,
			);
			runOnlyForDeploymentPostprocessing = 0;
		};
/* End PBXResourcesBuildPhase section */

/* Begin PBXSourcesBuildPhase section */
		92C06B402C3AB9A300CEE4FC /* Sources */ = {
			isa = PBXSourcesBuildPhase;
			buildActionMask = 2147483647;
			files = (
				92C06B652C3ADC3E00CEE4FC /* RoundButton.swift in Sources */,
				92C06B632C3AC72900CEE4FC /* UserCardView.swift in Sources */,
				929197422C4519D6006F7A70 /* PickView.swift in Sources */,
				92C06B6A2C3BE14D00CEE4FC /* CardContainerView.swift in Sources */,
				92A40DC32C3BEAD000C28116 /* CardDetailView.swift in Sources */,
				92C06B682C3BDDEE00CEE4FC /* View+Ext.swift in Sources */,
				92C06B562C3ABC3600CEE4FC /* AppState.swift in Sources */,
				929197442C469EDF006F7A70 /* PickListView.swift in Sources */,
				929197462C46A2CC006F7A70 /* User.swift in Sources */,
				9291974B2C46A4CF006F7A70 /* MessageScreen.swift in Sources */,
				92C06B6C2C3BE78600CEE4FC /* NoResultView.swift in Sources */,
				92A40DC12C3BE98E00C28116 /* HomeViewModel.swift in Sources */,
				9291974E2C46A4E0006F7A70 /* MessageView.swift in Sources */,
				92A40DC02C3BE98E00C28116 /* HomeScreen.swift in Sources */,
				92C06B4A2C3AB9A300CEE4FC /* ContentView.swift in Sources */,
				929197482C46A307006F7A70 /* Message.swift in Sources */,
				92C06B582C3AC2EB00CEE4FC /* UserCard.swift in Sources */,
				92C06B482C3AB9A300CEE4FC /* TanTanApp.swift in Sources */,
			);
			runOnlyForDeploymentPostprocessing = 0;
		};
/* End PBXSourcesBuildPhase section */

/* Begin XCBuildConfiguration section */
		92C06B502C3AB9A400CEE4FC /* Debug */ = {
			isa = XCBuildConfiguration;
			buildSettings = {
				ALWAYS_SEARCH_USER_PATHS = NO;
				ASSETCATALOG_COMPILER_GENERATE_SWIFT_ASSET_SYMBOL_EXTENSIONS = YES;
				CLANG_ANALYZER_NONNULL = YES;
				CLANG_ANALYZER_NUMBER_OBJECT_CONVERSION = YES_AGGRESSIVE;
				CLANG_CXX_LANGUAGE_STANDARD = "gnu++20";
				CLANG_ENABLE_MODULES = YES;
				CLANG_ENABLE_OBJC_ARC = YES;
				CLANG_ENABLE_OBJC_WEAK = YES;
				CLANG_WARN_BLOCK_CAPTURE_AUTORELEASING = YES;
				CLANG_WARN_BOOL_CONVERSION = YES;
				CLANG_WARN_COMMA = YES;
				CLANG_WARN_CONSTANT_CONVERSION = YES;
				CLANG_WARN_DEPRECATED_OBJC_IMPLEMENTATIONS = YES;
				CLANG_WARN_DIRECT_OBJC_ISA_USAGE = YES_ERROR;
				CLANG_WARN_DOCUMENTATION_COMMENTS = YES;
				CLANG_WARN_EMPTY_BODY = YES;
				CLANG_WARN_ENUM_CONVERSION = YES;
				CLANG_WARN_INFINITE_RECURSION = YES;
				CLANG_WARN_INT_CONVERSION = YES;
				CLANG_WARN_NON_LITERAL_NULL_CONVERSION = YES;
				CLANG_WARN_OBJC_IMPLICIT_RETAIN_SELF = YES;
				CLANG_WARN_OBJC_LITERAL_CONVERSION = YES;
				CLANG_WARN_OBJC_ROOT_CLASS = YES_ERROR;
				CLANG_WARN_QUOTED_INCLUDE_IN_FRAMEWORK_HEADER = YES;
				CLANG_WARN_RANGE_LOOP_ANALYSIS = YES;
				CLANG_WARN_STRICT_PROTOTYPES = YES;
				CLANG_WARN_SUSPICIOUS_MOVE = YES;
				CLANG_WARN_UNGUARDED_AVAILABILITY = YES_AGGRESSIVE;
				CLANG_WARN_UNREACHABLE_CODE = YES;
				CLANG_WARN__DUPLICATE_METHOD_MATCH = YES;
				COPY_PHASE_STRIP = NO;
				DEBUG_INFORMATION_FORMAT = dwarf;
				ENABLE_STRICT_OBJC_MSGSEND = YES;
				ENABLE_TESTABILITY = YES;
				ENABLE_USER_SCRIPT_SANDBOXING = YES;
				GCC_C_LANGUAGE_STANDARD = gnu17;
				GCC_DYNAMIC_NO_PIC = NO;
				GCC_NO_COMMON_BLOCKS = YES;
				GCC_OPTIMIZATION_LEVEL = 0;
				GCC_PREPROCESSOR_DEFINITIONS = (
					"DEBUG=1",
					"$(inherited)",
				);
				GCC_WARN_64_TO_32_BIT_CONVERSION = YES;
				GCC_WARN_ABOUT_RETURN_TYPE = YES_ERROR;
				GCC_WARN_UNDECLARED_SELECTOR = YES;
				GCC_WARN_UNINITIALIZED_AUTOS = YES_AGGRESSIVE;
				GCC_WARN_UNUSED_FUNCTION = YES;
				GCC_WARN_UNUSED_VARIABLE = YES;
				IPHONEOS_DEPLOYMENT_TARGET = 17.5;
				LOCALIZATION_PREFERS_STRING_CATALOGS = YES;
				MTL_ENABLE_DEBUG_INFO = INCLUDE_SOURCE;
				MTL_FAST_MATH = YES;
				ONLY_ACTIVE_ARCH = YES;
				SDKROOT = iphoneos;
				SWIFT_ACTIVE_COMPILATION_CONDITIONS = "DEBUG $(inherited)";
				SWIFT_OPTIMIZATION_LEVEL = "-Onone";
			};
			name = Debug;
		};
		92C06B512C3AB9A400CEE4FC /* Release */ = {
			isa = XCBuildConfiguration;
			buildSettings = {
				ALWAYS_SEARCH_USER_PATHS = NO;
				ASSETCATALOG_COMPILER_GENERATE_SWIFT_ASSET_SYMBOL_EXTENSIONS = YES;
				CLANG_ANALYZER_NONNULL = YES;
				CLANG_ANALYZER_NUMBER_OBJECT_CONVERSION = YES_AGGRESSIVE;
				CLANG_CXX_LANGUAGE_STANDARD = "gnu++20";
				CLANG_ENABLE_MODULES = YES;
				CLANG_ENABLE_OBJC_ARC = YES;
				CLANG_ENABLE_OBJC_WEAK = YES;
				CLANG_WARN_BLOCK_CAPTURE_AUTORELEASING = YES;
				CLANG_WARN_BOOL_CONVERSION = YES;
				CLANG_WARN_COMMA = YES;
				CLANG_WARN_CONSTANT_CONVERSION = YES;
				CLANG_WARN_DEPRECATED_OBJC_IMPLEMENTATIONS = YES;
				CLANG_WARN_DIRECT_OBJC_ISA_USAGE = YES_ERROR;
				CLANG_WARN_DOCUMENTATION_COMMENTS = YES;
				CLANG_WARN_EMPTY_BODY = YES;
				CLANG_WARN_ENUM_CONVERSION = YES;
				CLANG_WARN_INFINITE_RECURSION = YES;
				CLANG_WARN_INT_CONVERSION = YES;
				CLANG_WARN_NON_LITERAL_NULL_CONVERSION = YES;
				CLANG_WARN_OBJC_IMPLICIT_RETAIN_SELF = YES;
				CLANG_WARN_OBJC_LITERAL_CONVERSION = YES;
				CLANG_WARN_OBJC_ROOT_CLASS = YES_ERROR;
				CLANG_WARN_QUOTED_INCLUDE_IN_FRAMEWORK_HEADER = YES;
				CLANG_WARN_RANGE_LOOP_ANALYSIS = YES;
				CLANG_WARN_STRICT_PROTOTYPES = YES;
				CLANG_WARN_SUSPICIOUS_MOVE = YES;
				CLANG_WARN_UNGUARDED_AVAILABILITY = YES_AGGRESSIVE;
				CLANG_WARN_UNREACHABLE_CODE = YES;
				CLANG_WARN__DUPLICATE_METHOD_MATCH = YES;
				COPY_PHASE_STRIP = NO;
				DEBUG_INFORMATION_FORMAT = "dwarf-with-dsym";
				ENABLE_NS_ASSERTIONS = NO;
				ENABLE_STRICT_OBJC_MSGSEND = YES;
				ENABLE_USER_SCRIPT_SANDBOXING = YES;
				GCC_C_LANGUAGE_STANDARD = gnu17;
				GCC_NO_COMMON_BLOCKS = YES;
				GCC_WARN_64_TO_32_BIT_CONVERSION = YES;
				GCC_WARN_ABOUT_RETURN_TYPE = YES_ERROR;
				GCC_WARN_UNDECLARED_SELECTOR = YES;
				GCC_WARN_UNINITIALIZED_AUTOS = YES_AGGRESSIVE;
				GCC_WARN_UNUSED_FUNCTION = YES;
				GCC_WARN_UNUSED_VARIABLE = YES;
				IPHONEOS_DEPLOYMENT_TARGET = 17.5;
				LOCALIZATION_PREFERS_STRING_CATALOGS = YES;
				MTL_ENABLE_DEBUG_INFO = NO;
				MTL_FAST_MATH = YES;
				SDKROOT = iphoneos;
				SWIFT_COMPILATION_MODE = wholemodule;
				VALIDATE_PRODUCT = YES;
			};
			name = Release;
		};
		92C06B532C3AB9A400CEE4FC /* Debug */ = {
			isa = XCBuildConfiguration;
			buildSettings = {
				ASSETCATALOG_COMPILER_APPICON_NAME = AppIcon;
				ASSETCATALOG_COMPILER_GLOBAL_ACCENT_COLOR_NAME = AccentColor;
				CODE_SIGN_STYLE = Automatic;
				CURRENT_PROJECT_VERSION = 1;
				DEVELOPMENT_ASSET_PATHS = "\"TanTan/Preview Content\"";
				ENABLE_PREVIEWS = YES;
				GENERATE_INFOPLIST_FILE = YES;
				INFOPLIST_KEY_UIApplicationSceneManifest_Generation = YES;
				INFOPLIST_KEY_UIApplicationSupportsIndirectInputEvents = YES;
				INFOPLIST_KEY_UILaunchScreen_Generation = YES;
				INFOPLIST_KEY_UISupportedInterfaceOrientations_iPad = "UIInterfaceOrientationPortrait UIInterfaceOrientationPortraitUpsideDown UIInterfaceOrientationLandscapeLeft UIInterfaceOrientationLandscapeRight";
				INFOPLIST_KEY_UISupportedInterfaceOrientations_iPhone = "UIInterfaceOrientationPortrait UIInterfaceOrientationLandscapeLeft UIInterfaceOrientationLandscapeRight";
				LD_RUNPATH_SEARCH_PATHS = (
					"$(inherited)",
					"@executable_path/Frameworks",
				);
				MARKETING_VERSION = 1.0;
				PRODUCT_BUNDLE_IDENTIFIER = com.hmf.swiftui.TanTan;
				PRODUCT_NAME = "$(TARGET_NAME)";
				SWIFT_EMIT_LOC_STRINGS = YES;
				SWIFT_VERSION = 5.0;
				TARGETED_DEVICE_FAMILY = "1,2";
			};
			name = Debug;
		};
		92C06B542C3AB9A400CEE4FC /* Release */ = {
			isa = XCBuildConfiguration;
			buildSettings = {
				ASSETCATALOG_COMPILER_APPICON_NAME = AppIcon;
				ASSETCATALOG_COMPILER_GLOBAL_ACCENT_COLOR_NAME = AccentColor;
				CODE_SIGN_STYLE = Automatic;
				CURRENT_PROJECT_VERSION = 1;
				DEVELOPMENT_ASSET_PATHS = "\"TanTan/Preview Content\"";
				ENABLE_PREVIEWS = YES;
				GENERATE_INFOPLIST_FILE = YES;
				INFOPLIST_KEY_UIApplicationSceneManifest_Generation = YES;
				INFOPLIST_KEY_UIApplicationSupportsIndirectInputEvents = YES;
				INFOPLIST_KEY_UILaunchScreen_Generation = YES;
				INFOPLIST_KEY_UISupportedInterfaceOrientations_iPad = "UIInterfaceOrientationPortrait UIInterfaceOrientationPortraitUpsideDown UIInterfaceOrientationLandscapeLeft UIInterfaceOrientationLandscapeRight";
				INFOPLIST_KEY_UISupportedInterfaceOrientations_iPhone = "UIInterfaceOrientationPortrait UIInterfaceOrientationLandscapeLeft UIInterfaceOrientationLandscapeRight";
				LD_RUNPATH_SEARCH_PATHS = (
					"$(inherited)",
					"@executable_path/Frameworks",
				);
				MARKETING_VERSION = 1.0;
				PRODUCT_BUNDLE_IDENTIFIER = com.hmf.swiftui.TanTan;
				PRODUCT_NAME = "$(TARGET_NAME)";
				SWIFT_EMIT_LOC_STRINGS = YES;
				SWIFT_VERSION = 5.0;
				TARGETED_DEVICE_FAMILY = "1,2";
			};
			name = Release;
		};
/* End XCBuildConfiguration section */

/* Begin XCConfigurationList section */
		92C06B3F2C3AB9A300CEE4FC /* Build configuration list for PBXProject "TanTan" */ = {
			isa = XCConfigurationList;
			buildConfigurations = (
				92C06B502C3AB9A400CEE4FC /* Debug */,
				92C06B512C3AB9A400CEE4FC /* Release */,
			);
			defaultConfigurationIsVisible = 0;
			defaultConfigurationName = Release;
		};
		92C06B522C3AB9A400CEE4FC /* Build configuration list for PBXNativeTarget "TanTan" */ = {
			isa = XCConfigurationList;
			buildConfigurations = (
				92C06B532C3AB9A400CEE4FC /* Debug */,
				92C06B542C3AB9A400CEE4FC /* Release */,
			);
			defaultConfigurationIsVisible = 0;
			defaultConfigurationName = Release;
		};
/* End XCConfigurationList section */
	};
	rootObject = 92C06B3C2C3AB9A300CEE4FC /* Project object */;
}
